{
  "originHash" : "4e67e9e9d80eb12a21cc790ca445abbf24fab63179c7e5c593d9b7fdc45c3dc1",
  "pins" : [
    {
      "identity" : "libwebp-xcode",
      "kind" : "remoteSourceControl",
      "location" : "https://github.com/SDWebImage/libwebp-Xcode.git",
      "state" : {
        "revision" : "2b5256c29ff4e20f2a0d5ee863b62b1a22144434",
        "version" : "1.6.0"
      }
    },
    {
      "identity" : "swift-webp",
      "kind" : "remoteSourceControl",
      "location" : "https://github.com/ainame/Swift-WebP.git",
      "state" : {
        "revision" : "3f5895711566ee862e7cff7694867c6f77adf452",
        "version" : "0.5.0"
      }
    }
  ],
  "version" : 3
}
